Microsoft Visual Studio Solution File, Format Version 12.00
# Visual Studio 14
Project("{8BC9CEB8-8B4A-11D0-8D11-00A0C91BC942}") = "ALL_BUILD", "ALL_BUILD.vcxproj", "{524C72A7-F77B-3EB9-8364-5F51B3F6C946}"
	ProjectSection(ProjectDependencies) = postProject
		{390DBA70-AB5B-3EA6-8295-F31714C26D4E} = {390DBA70-AB5B-3EA6-8295-F31714C26D4E}
		{DDA3C562-8F9A-33CF-9ED6-F2D30447B4FC} = {DDA3C562-8F9A-33CF-9ED6-F2D30447B4FC}
		{A6202B83-153B-30B2-AA2B-3C0720589857} = {A6202B83-153B-30B2-AA2B-3C0720589857}
	EndProjectSection
EndProject
Project("{8BC9CEB8-8B4A-11D0-8D11-00A0C91BC942}") = "INSTALL", "INSTALL.vcxproj", "{B25FE8F6-5FDB-3BB4-A258-305E2424CB6A}"
	ProjectSection(ProjectDependencies) = postProject
		{524C72A7-F77B-3EB9-8364-5F51B3F6C946} = {524C72A7-F77B-3EB9-8364-5F51B3F6C946}
		{390DBA70-AB5B-3EA6-8295-F31714C26D4E} = {390DBA70-AB5B-3EA6-8295-F31714C26D4E}
	EndProjectSection
EndProject
Project("{8BC9CEB8-8B4A-11D0-8D11-00A0C91BC942}") = "PACKAGE", "PACKAGE.vcxproj", "{5F762006-7563-30CA-BB70-74670B4F2768}"
	ProjectSection(ProjectDependencies) = postProject
		{524C72A7-F77B-3EB9-8364-5F51B3F6C946} = {524C72A7-F77B-3EB9-8364-5F51B3F6C946}
		{390DBA70-AB5B-3EA6-8295-F31714C26D4E} = {390DBA70-AB5B-3EA6-8295-F31714C26D4E}
	EndProjectSection
EndProject
Project("{8BC9CEB8-8B4A-11D0-8D11-00A0C91BC942}") = "ZERO_CHECK", "ZERO_CHECK.vcxproj", "{390DBA70-AB5B-3EA6-8295-F31714C26D4E}"
	ProjectSection(ProjectDependencies) = postProject
	EndProjectSection
EndProject
Project("{8BC9CEB8-8B4A-11D0-8D11-00A0C91BC942}") = "hello", "hello.vcxproj", "{DDA3C562-8F9A-33CF-9ED6-F2D30447B4FC}"
	ProjectSection(ProjectDependencies) = postProject
		{390DBA70-AB5B-3EA6-8295-F31714C26D4E} = {390DBA70-AB5B-3EA6-8295-F31714C26D4E}
	EndProjectSection
EndProject
Project("{8BC9CEB8-8B4A-11D0-8D11-00A0C91BC942}") = "main", "main.vcxproj", "{A6202B83-153B-30B2-AA2B-3C0720589857}"
	ProjectSection(ProjectDependencies) = postProject
		{390DBA70-AB5B-3EA6-8295-F31714C26D4E} = {390DBA70-AB5B-3EA6-8295-F31714C26D4E}
		{DDA3C562-8F9A-33CF-9ED6-F2D30447B4FC} = {DDA3C562-8F9A-33CF-9ED6-F2D30447B4FC}
	EndProjectSection
EndProject
Global
	GlobalSection(SolutionConfigurationPlatforms) = preSolution
		Debug|Win32 = Debug|Win32
		Release|Win32 = Release|Win32
		MinSizeRel|Win32 = MinSizeRel|Win32
		RelWithDebInfo|Win32 = RelWithDebInfo|Win32
	EndGlobalSection
	GlobalSection(ProjectConfigurationPlatforms) = postSolution
		{524C72A7-F77B-3EB9-8364-5F51B3F6C946}.Debug|Win32.ActiveCfg = Debug|Win32
		{524C72A7-F77B-3EB9-8364-5F51B3F6C946}.Debug|Win32.Build.0 = Debug|Win32
		{524C72A7-F77B-3EB9-8364-5F51B3F6C946}.Release|Win32.ActiveCfg = Release|Win32
		{524C72A7-F77B-3EB9-8364-5F51B3F6C946}.Release|Win32.Build.0 = Release|Win32
		{524C72A7-F77B-3EB9-8364-5F51B3F6C946}.MinSizeRel|Win32.ActiveCfg = MinSizeRel|Win32
		{524C72A7-F77B-3EB9-8364-5F51B3F6C946}.MinSizeRel|Win32.Build.0 = MinSizeRel|Win32
		{524C72A7-F77B-3EB9-8364-5F51B3F6C946}.RelWithDebInfo|Win32.ActiveCfg = RelWithDebInfo|Win32
		{524C72A7-F77B-3EB9-8364-5F51B3F6C946}.RelWithDebInfo|Win32.Build.0 = RelWithDebInfo|Win32
		{B25FE8F6-5FDB-3BB4-A258-305E2424CB6A}.Debug|Win32.ActiveCfg = Debug|Win32
		{B25FE8F6-5FDB-3BB4-A258-305E2424CB6A}.Release|Win32.ActiveCfg = Release|Win32
		{B25FE8F6-5FDB-3BB4-A258-305E2424CB6A}.MinSizeRel|Win32.ActiveCfg = MinSizeRel|Win32
		{B25FE8F6-5FDB-3BB4-A258-305E2424CB6A}.RelWithDebInfo|Win32.ActiveCfg = RelWithDebInfo|Win32
		{5F762006-7563-30CA-BB70-74670B4F2768}.Debug|Win32.ActiveCfg = Debug|Win32
		{5F762006-7563-30CA-BB70-74670B4F2768}.Release|Win32.ActiveCfg = Release|Win32
		{5F762006-7563-30CA-BB70-74670B4F2768}.MinSizeRel|Win32.ActiveCfg = MinSizeRel|Win32
		{5F762006-7563-30CA-BB70-74670B4F2768}.RelWithDebInfo|Win32.ActiveCfg = RelWithDebInfo|Win32
		{390DBA70-AB5B-3EA6-8295-F31714C26D4E}.Debug|Win32.ActiveCfg = Debug|Win32
		{390DBA70-AB5B-3EA6-8295-F31714C26D4E}.Debug|Win32.Build.0 = Debug|Win32
		{390DBA70-AB5B-3EA6-8295-F31714C26D4E}.Release|Win32.ActiveCfg = Release|Win32
		{390DBA70-AB5B-3EA6-8295-F31714C26D4E}.Release|Win32.Build.0 = Release|Win32
		{390DBA70-AB5B-3EA6-8295-F31714C26D4E}.MinSizeRel|Win32.ActiveCfg = MinSizeRel|Win32
		{390DBA70-AB5B-3EA6-8295-F31714C26D4E}.MinSizeRel|Win32.Build.0 = MinSizeRel|Win32
		{390DBA70-AB5B-3EA6-8295-F31714C26D4E}.RelWithDebInfo|Win32.ActiveCfg = RelWithDebInfo|Win32
		{390DBA70-AB5B-3EA6-8295-F31714C26D4E}.RelWithDebInfo|Win32.Build.0 = RelWithDebInfo|Win32
		{DDA3C562-8F9A-33CF-9ED6-F2D30447B4FC}.Debug|Win32.ActiveCfg = Debug|Win32
		{DDA3C562-8F9A-33CF-9ED6-F2D30447B4FC}.Debug|Win32.Build.0 = Debug|Win32
		{DDA3C562-8F9A-33CF-9ED6-F2D30447B4FC}.Release|Win32.ActiveCfg = Release|Win32
		{DDA3C562-8F9A-33CF-9ED6-F2D30447B4FC}.Release|Win32.Build.0 = Release|Win32
		{DDA3C562-8F9A-33CF-9ED6-F2D30447B4FC}.MinSizeRel|Win32.ActiveCfg = MinSizeRel|Win32
		{DDA3C562-8F9A-33CF-9ED6-F2D30447B4FC}.MinSizeRel|Win32.Build.0 = MinSizeRel|Win32
		{DDA3C562-8F9A-33CF-9ED6-F2D30447B4FC}.RelWithDebInfo|Win32.ActiveCfg = RelWithDebInfo|Win32
		{DDA3C562-8F9A-33CF-9ED6-F2D30447B4FC}.RelWithDebInfo|Win32.Build.0 = RelWithDebInfo|Win32
		{A6202B83-153B-30B2-AA2B-3C0720589857}.Debug|Win32.ActiveCfg = Debug|Win32
		{A6202B83-153B-30B2-AA2B-3C0720589857}.Debug|Win32.Build.0 = Debug|Win32
		{A6202B83-153B-30B2-AA2B-3C0720589857}.Release|Win32.ActiveCfg = Release|Win32
		{A6202B83-153B-30B2-AA2B-3C0720589857}.Release|Win32.Build.0 = Release|Win32
		{A6202B83-153B-30B2-AA2B-3C0720589857}.MinSizeRel|Win32.ActiveCfg = MinSizeRel|Win32
		{A6202B83-153B-30B2-AA2B-3C0720589857}.MinSizeRel|Win32.Build.0 = MinSizeRel|Win32
		{A6202B83-153B-30B2-AA2B-3C0720589857}.RelWithDebInfo|Win32.ActiveCfg = RelWithDebInfo|Win32
		{A6202B83-153B-30B2-AA2B-3C0720589857}.RelWithDebInfo|Win32.Build.0 = RelWithDebInfo|Win32
	EndGlobalSection
	GlobalSection(ExtensibilityGlobals) = postSolution
	EndGlobalSection
	GlobalSection(ExtensibilityAddIns) = postSolution
	EndGlobalSection
EndGlobal
